// !$*UTF8*$!
{
	archiveVersion = 1;
	classes = {
	};
	objectVersion = 46;
	objects = {

/* Begin PBXBuildFile section */
		8D11072B0486CEB800E47090 /* InfoPlist.strings in Resources */ = {isa = PBXBuildFile; fileRef = 089C165CFE840E0CC02AAC07 /* InfoPlist.strings */; };
		8D11072D0486CEB800E47090 /* main.m in Sources */ = {isa = PBXBuildFile; fileRef = 29B97316FDCFA39411CA2CEA /* main.m */; settings = {ATTRIBUTES = (); }; };
		8D11072F0486CEB800E47090 /* Cocoa.framework in Frameworks */ = {isa = PBXBuildFile; fileRef = 1058C7A1FEA54F0111CA2CBB /* Cocoa.framework */; };
		A517AE45190C990900DB66DC /* NSApplication+LoginItems.m in Sources */ = {isa = PBXBuildFile; fileRef = A517AE44190C990900DB66DC /* NSApplication+LoginItems.m */; };
		A518D7740BB19CC5009EC77B /* DiskArbitration.framework in Frameworks */ = {isa = PBXBuildFile; fileRef = A518D7730BB19CC5009EC77B /* DiskArbitration.framework */; };
		A5455F8C0AFE64C6001F61C8 /* SLController.m in Sources */ = {isa = PBXBuildFile; fileRef = A5455F8B0AFE64C6001F61C8 /* SLController.m */; };
		A5455FE70AFE66A1001F61C8 /* SLVolume.m in Sources */ = {isa = PBXBuildFile; fileRef = A5455FE60AFE66A1001F61C8 /* SLVolume.m */; };
		A54561870AFE720D001F61C8 /* SLNotificationController.m in Sources */ = {isa = PBXBuildFile; fileRef = A54561850AFE720D001F61C8 /* SLNotificationController.m */; };
		A5552A140B10C2C9005EB062 /* Credits.rtf in Resources */ = {isa = PBXBuildFile; fileRef = A5552A130B10C2C9005EB062 /* Credits.rtf */; };
		A5779DD5144DE76E00FB1D37 /* NSTaskAdditions.m in Sources */ = {isa = PBXBuildFile; fileRef = A5779DD4144DE76E00FB1D37 /* NSTaskAdditions.m */; };
		A582C1B9198D529900124F73 /* Sparkle.framework in Frameworks */ = {isa = PBXBuildFile; fileRef = A582C1B0198D528B00124F73 /* Sparkle.framework */; };
		A582C1BB198D52AA00124F73 /* Sparkle.framework in CopyFiles */ = {isa = PBXBuildFile; fileRef = A582C1B0198D528B00124F73 /* Sparkle.framework */; settings = {ATTRIBUTES = (CodeSignOnCopy, ); }; };
		A585417B13E5D6830002EF3C /* Preferences.xib in Resources */ = {isa = PBXBuildFile; fileRef = A585417913E5D6830002EF3C /* Preferences.xib */; };
		A58BD39A140FFCA8007E9DF9 /* IOKit.framework in Frameworks */ = {isa = PBXBuildFile; fileRef = A58BD399140FFCA8007E9DF9 /* IOKit.framework */; };
		A58BD4BD14100163007E9DF9 /* Localizable.strings in Resources */ = {isa = PBXBuildFile; fileRef = A58BD4B914100163007E9DF9 /* Localizable.strings */; };
		A58BD4BE14100163007E9DF9 /* Labels.strings in Resources */ = {isa = PBXBuildFile; fileRef = A58BD4BB14100163007E9DF9 /* Labels.strings */; };
		A58BD52014100451007E9DF9 /* SLDiskManager.m in Sources */ = {isa = PBXBuildFile; fileRef = A58BD51F14100451007E9DF9 /* SLDiskManager.m */; };
		A58DAA47197C4C7100DCC2CA /* SLDiskImageManager.m in Sources */ = {isa = PBXBuildFile; fileRef = A58DAA46197C4C7100DCC2CA /* SLDiskImageManager.m */; };
		A58DAA58197C657000DCC2CA /* SLPreferencesController.m in Sources */ = {isa = PBXBuildFile; fileRef = A58DAA57197C657000DCC2CA /* SLPreferencesController.m */; };
		A58DAA6A197C7A5C00DCC2CA /* MASShortcut.m in Sources */ = {isa = PBXBuildFile; fileRef = A58DAA61197C7A5C00DCC2CA /* MASShortcut.m */; };
		A58DAA6B197C7A5C00DCC2CA /* MASShortcut+Monitoring.m in Sources */ = {isa = PBXBuildFile; fileRef = A58DAA63197C7A5C00DCC2CA /* MASShortcut+Monitoring.m */; };
		A58DAA6C197C7A5C00DCC2CA /* MASShortcut+UserDefaults.m in Sources */ = {isa = PBXBuildFile; fileRef = A58DAA65197C7A5C00DCC2CA /* MASShortcut+UserDefaults.m */; };
		A58DAA6D197C7A5C00DCC2CA /* MASShortcutView.m in Sources */ = {isa = PBXBuildFile; fileRef = A58DAA67197C7A5C00DCC2CA /* MASShortcutView.m */; };
		A58DAA6E197C7A5C00DCC2CA /* MASShortcutView+UserDefaults.m in Sources */ = {isa = PBXBuildFile; fileRef = A58DAA69197C7A5C00DCC2CA /* MASShortcutView+UserDefaults.m */; };
		A58DAA70197C7B1C00DCC2CA /* Carbon.framework in Frameworks */ = {isa = PBXBuildFile; fileRef = A58DAA6F197C7B1C00DCC2CA /* Carbon.framework */; };
		A5A9C2FA1B811822005FD70C /* dsa_pub.pem in Resources */ = {isa = PBXBuildFile; fileRef = A5A9C2F91B811822005FD70C /* dsa_pub.pem */; };
		A5D71EA11982AB21008E1B7A /* Images.xcassets in Resources */ = {isa = PBXBuildFile; fileRef = A5D71EA01982AB21008E1B7A /* Images.xcassets */; };
		A5D982960C8B7F7B002A802F /* Eject.pdf in Resources */ = {isa = PBXBuildFile; fileRef = A5D982940C8B7F7B002A802F /* Eject.pdf */; };
/* End PBXBuildFile section */

/* Begin PBXContainerItemProxy section */
		A582C1AF198D528B00124F73 /* PBXContainerItemProxy */ = {
			isa = PBXContainerItemProxy;
			containerPortal = A582C1A4198D528A00124F73 /* Sparkle.xcodeproj */;
			proxyType = 2;
			remoteGlobalIDString = 8DC2EF5B0486A6940098B216;
			remoteInfo = Sparkle;
		};
		A582C1B1198D528B00124F73 /* PBXContainerItemProxy */ = {
			isa = PBXContainerItemProxy;
			containerPortal = A582C1A4198D528A00124F73 /* Sparkle.xcodeproj */;
			proxyType = 2;
			remoteGlobalIDString = 61B5F90209C4CEE200B25A18;
			remoteInfo = "Sparkle Test App";
		};
		A582C1B3198D528B00124F73 /* PBXContainerItemProxy */ = {
			isa = PBXContainerItemProxy;
			containerPortal = A582C1A4198D528A00124F73 /* Sparkle.xcodeproj */;
			proxyType = 2;
			remoteGlobalIDString = 612279D90DB5470200AB99EA;
			remoteInfo = "Sparkle Unit Tests";
		};
		A582C1B5198D528B00124F73 /* PBXContainerItemProxy */ = {
			isa = PBXContainerItemProxy;
			containerPortal = A582C1A4198D528A00124F73 /* Sparkle.xcodeproj */;
			proxyType = 2;
			remoteGlobalIDString = 5D06E8D00FD68C7C005AE3F6;
			remoteInfo = BinaryDelta;
		};
		A582C1B7198D528B00124F73 /* PBXContainerItemProxy */ = {
			isa = PBXContainerItemProxy;
			containerPortal = A582C1A4198D528A00124F73 /* Sparkle.xcodeproj */;
			proxyType = 2;
			remoteGlobalIDString = 55C14BB7136EEF1500649790;
			remoteInfo = Autoupdate;
		};
/* End PBXContainerItemProxy section */

/* Begin PBXCopyFilesBuildPhase section */
		A582C1BA198D52A000124F73 /* CopyFiles */ = {
			isa = PBXCopyFilesBuildPhase;
			buildActionMask = 2147483647;
			dstPath = "";
			dstSubfolderSpec = 10;
			files = (
				A582C1BB198D52AA00124F73 /* Sparkle.framework in CopyFiles */,
			);
			runOnlyForDeploymentPostprocessing = 0;
		};
/* End PBXCopyFilesBuildPhase section */

/* Begin PBXFileReference section */
		089C165DFE840E0CC02AAC07 /* English */ = {isa = PBXFileReference; fileEncoding = 10; lastKnownFileType = text.plist.strings; name = English; path = English.lproj/InfoPlist.strings; sourceTree = "<group>"; };
		1058C7A1FEA54F0111CA2CBB /* Cocoa.framework */ = {isa = PBXFileReference; lastKnownFileType = wrapper.framework; name = Cocoa.framework; path = /System/Library/Frameworks/Cocoa.framework; sourceTree = "<absolute>"; };
		29B97316FDCFA39411CA2CEA /* main.m */ = {isa = PBXFileReference; fileEncoding = 4; lastKnownFileType = sourcecode.c.objc; path = main.m; sourceTree = "<group>"; };
		8D1107310486CEB800E47090 /* Info.plist */ = {isa = PBXFileReference; fileEncoding = 4; lastKnownFileType = text.plist; path = Info.plist; sourceTree = "<group>"; };
		8D1107320486CEB800E47090 /* Semulov.app */ = {isa = PBXFileReference; explicitFileType = wrapper.application; includeInIndex = 0; path = Semulov.app; sourceTree = BUILT_PRODUCTS_DIR; };
		A517AE43190C990900DB66DC /* NSApplication+LoginItems.h */ = {isa = PBXFileReference; fileEncoding = 4; lastKnownFileType = sourcecode.c.h; name = "NSApplication+LoginItems.h"; path = "NSAppLoginItems/NSApplication+LoginItems.h"; sourceTree = "<group>"; };
		A517AE44190C990900DB66DC /* NSApplication+LoginItems.m */ = {isa = PBXFileReference; fileEncoding = 4; lastKnownFileType = sourcecode.c.objc; name = "NSApplication+LoginItems.m"; path = "NSAppLoginItems/NSApplication+LoginItems.m"; sourceTree = "<group>"; };
		A518D7730BB19CC5009EC77B /* DiskArbitration.framework */ = {isa = PBXFileReference; lastKnownFileType = wrapper.framework; name = DiskArbitration.framework; path = /System/Library/Frameworks/DiskArbitration.framework; sourceTree = "<absolute>"; };
		A5455F8A0AFE64C6001F61C8 /* SLController.h */ = {isa = PBXFileReference; fileEncoding = 4; lastKnownFileType = sourcecode.c.h; path = SLController.h; sourceTree = "<group>"; };
		A5455F8B0AFE64C6001F61C8 /* SLController.m */ = {isa = PBXFileReference; fileEncoding = 4; lastKnownFileType = sourcecode.c.objc; path = SLController.m; sourceTree = "<group>"; };
		A5455FE50AFE66A1001F61C8 /* SLVolume.h */ = {isa = PBXFileReference; fileEncoding = 4; lastKnownFileType = sourcecode.c.h; path = SLVolume.h; sourceTree = "<group>"; };
		A5455FE60AFE66A1001F61C8 /* SLVolume.m */ = {isa = PBXFileReference; fileEncoding = 4; lastKnownFileType = sourcecode.c.objc; path = SLVolume.m; sourceTree = "<group>"; };
		A54561840AFE720D001F61C8 /* SLNotificationController.h */ = {isa = PBXFileReference; fileEncoding = 4; lastKnownFileType = sourcecode.c.h; path = SLNotificationController.h; sourceTree = "<group>"; };
		A54561850AFE720D001F61C8 /* SLNotificationController.m */ = {isa = PBXFileReference; fileEncoding = 4; lastKnownFileType = sourcecode.c.objc; path = SLNotificationController.m; sourceTree = "<group>"; };
		A5552A130B10C2C9005EB062 /* Credits.rtf */ = {isa = PBXFileReference; lastKnownFileType = text.rtf; path = Credits.rtf; sourceTree = "<group>"; };
		A5779DD3144DE76E00FB1D37 /* NSTaskAdditions.h */ = {isa = PBXFileReference; fileEncoding = 4; lastKnownFileType = sourcecode.c.h; path = NSTaskAdditions.h; sourceTree = "<group>"; };
		A5779DD4144DE76E00FB1D37 /* NSTaskAdditions.m */ = {isa = PBXFileReference; fileEncoding = 4; lastKnownFileType = sourcecode.c.objc; path = NSTaskAdditions.m; sourceTree = "<group>"; };
		A582C1A4198D528A00124F73 /* Sparkle.xcodeproj */ = {isa = PBXFileReference; lastKnownFileType = "wrapper.pb-project"; name = Sparkle.xcodeproj; path = Sparkle/Sparkle.xcodeproj; sourceTree = "<group>"; };
		A585417A13E5D6830002EF3C /* English */ = {isa = PBXFileReference; lastKnownFileType = file.xib; name = English; path = English.lproj/Preferences.xib; sourceTree = "<group>"; };
		A58BD399140FFCA8007E9DF9 /* IOKit.framework */ = {isa = PBXFileReference; lastKnownFileType = wrapper.framework; name = IOKit.framework; path = System/Library/Frameworks/IOKit.framework; sourceTree = SDKROOT; };
		A58BD4BA14100163007E9DF9 /* English */ = {isa = PBXFileReference; fileEncoding = 10; lastKnownFileType = text.plist.strings; name = English; path = English.lproj/Localizable.strings; sourceTree = "<group>"; };
		A58BD4BC14100163007E9DF9 /* English */ = {isa = PBXFileReference; fileEncoding = 10; lastKnownFileType = text.plist.strings; name = English; path = English.lproj/Labels.strings; sourceTree = "<group>"; };
		A58BD51E14100451007E9DF9 /* SLDiskManager.h */ = {isa = PBXFileReference; fileEncoding = 4; lastKnownFileType = sourcecode.c.h; path = SLDiskManager.h; sourceTree = "<group>"; };
		A58BD51F14100451007E9DF9 /* SLDiskManager.m */ = {isa = PBXFileReference; fileEncoding = 4; lastKnownFileType = sourcecode.c.objc; path = SLDiskManager.m; sourceTree = "<group>"; };
		A58DAA45197C4C4C00DCC2CA /* SLDiskImageManager.h */ = {isa = PBXFileReference; fileEncoding = 4; lastKnownFileType = sourcecode.c.h; path = SLDiskImageManager.h; sourceTree = "<group>"; };
		A58DAA46197C4C7100DCC2CA /* SLDiskImageManager.m */ = {isa = PBXFileReference; fileEncoding = 4; lastKnownFileType = sourcecode.c.objc; path = SLDiskImageManager.m; sourceTree = "<group>"; };
		A58DAA56197C657000DCC2CA /* SLPreferencesController.h */ = {isa = PBXFileReference; fileEncoding = 4; lastKnownFileType = sourcecode.c.h; path = SLPreferencesController.h; sourceTree = "<group>"; };
		A58DAA57197C657000DCC2CA /* SLPreferencesController.m */ = {isa = PBXFileReference; fileEncoding = 4; lastKnownFileType = sourcecode.c.objc; path = SLPreferencesController.m; sourceTree = "<group>"; };
		A58DAA60197C7A5C00DCC2CA /* MASShortcut.h */ = {isa = PBXFileReference; fileEncoding = 4; lastKnownFileType = sourcecode.c.h; name = MASShortcut.h; path = MASShortcut/MASShortcut.h; sourceTree = "<group>"; };
		A58DAA61197C7A5C00DCC2CA /* MASShortcut.m */ = {isa = PBXFileReference; fileEncoding = 4; lastKnownFileType = sourcecode.c.objc; name = MASShortcut.m; path = MASShortcut/MASShortcut.m; sourceTree = "<group>"; };
		A58DAA62197C7A5C00DCC2CA /* MASShortcut+Monitoring.h */ = {isa = PBXFileReference; fileEncoding = 4; lastKnownFileType = sourcecode.c.h; name = "MASShortcut+Monitoring.h"; path = "MASShortcut/MASShortcut+Monitoring.h"; sourceTree = "<group>"; };
		A58DAA63197C7A5C00DCC2CA /* MASShortcut+Monitoring.m */ = {isa = PBXFileReference; fileEncoding = 4; lastKnownFileType = sourcecode.c.objc; name = "MASShortcut+Monitoring.m"; path = "MASShortcut/MASShortcut+Monitoring.m"; sourceTree = "<group>"; };
		A58DAA64197C7A5C00DCC2CA /* MASShortcut+UserDefaults.h */ = {isa = PBXFileReference; fileEncoding = 4; lastKnownFileType = sourcecode.c.h; name = "MASShortcut+UserDefaults.h"; path = "MASShortcut/MASShortcut+UserDefaults.h"; sourceTree = "<group>"; };
		A58DAA65197C7A5C00DCC2CA /* MASShortcut+UserDefaults.m */ = {isa = PBXFileReference; fileEncoding = 4; lastKnownFileType = sourcecode.c.objc; name = "MASShortcut+UserDefaults.m"; path = "MASShortcut/MASShortcut+UserDefaults.m"; sourceTree = "<group>"; };
		A58DAA66197C7A5C00DCC2CA /* MASShortcutView.h */ = {isa = PBXFileReference; fileEncoding = 4; lastKnownFileType = sourcecode.c.h; name = MASShortcutView.h; path = MASShortcut/MASShortcutView.h; sourceTree = "<group>"; };
		A58DAA67197C7A5C00DCC2CA /* MASShortcutView.m */ = {isa = PBXFileReference; fileEncoding = 4; lastKnownFileType = sourcecode.c.objc; name = MASShortcutView.m; path = MASShortcut/MASShortcutView.m; sourceTree = "<group>"; };
		A58DAA68197C7A5C00DCC2CA /* MASShortcutView+UserDefaults.h */ = {isa = PBXFileReference; fileEncoding = 4; lastKnownFileType = sourcecode.c.h; name = "MASShortcutView+UserDefaults.h"; path = "MASShortcut/MASShortcutView+UserDefaults.h"; sourceTree = "<group>"; };
		A58DAA69197C7A5C00DCC2CA /* MASShortcutView+UserDefaults.m */ = {isa = PBXFileReference; fileEncoding = 4; lastKnownFileType = sourcecode.c.objc; name = "MASShortcutView+UserDefaults.m"; path = "MASShortcut/MASShortcutView+UserDefaults.m"; sourceTree = "<group>"; };
		A58DAA6F197C7B1C00DCC2CA /* Carbon.framework */ = {isa = PBXFileReference; lastKnownFileType = wrapper.framework; name = Carbon.framework; path = System/Library/Frameworks/Carbon.framework; sourceTree = SDKROOT; };
		A58DAA71197C7D7400DCC2CA /* SLPreferenceKeys.h */ = {isa = PBXFileReference; lastKnownFileType = sourcecode.c.h; path = SLPreferenceKeys.h; sourceTree = "<group>"; };
		A5A9C2F91B811822005FD70C /* dsa_pub.pem */ = {isa = PBXFileReference; fileEncoding = 4; lastKnownFileType = text; path = dsa_pub.pem; sourceTree = "<group>"; };
		A5D71EA01982AB21008E1B7A /* Images.xcassets */ = {isa = PBXFileReference; lastKnownFileType = folder.assetcatalog; path = Images.xcassets; sourceTree = "<group>"; };
		A5D982940C8B7F7B002A802F /* Eject.pdf */ = {isa = PBXFileReference; lastKnownFileType = image.pdf; path = Eject.pdf; sourceTree = "<group>"; };
/* End PBXFileReference section */

/* Begin PBXFrameworksBuildPhase section */
		8D11072E0486CEB800E47090 /* Frameworks */ = {
			isa = PBXFrameworksBuildPhase;
			buildActionMask = 2147483647;
			files = (
				A582C1B9198D529900124F73 /* Sparkle.framework in Frameworks */,
				A58DAA70197C7B1C00DCC2CA /* Carbon.framework in Frameworks */,
				8D11072F0486CEB800E47090 /* Cocoa.framework in Frameworks */,
				A518D7740BB19CC5009EC77B /* DiskArbitration.framework in Frameworks */,
				A58BD39A140FFCA8007E9DF9 /* IOKit.framework in Frameworks */,
			);
			runOnlyForDeploymentPostprocessing = 0;
		};
/* End PBXFrameworksBuildPhase section */

/* Begin PBXGroup section */
		080E96DDFE201D6D7F000001 /* Sources */ = {
			isa = PBXGroup;
			children = (
				29B97316FDCFA39411CA2CEA /* main.m */,
				A5455F8A0AFE64C6001F61C8 /* SLController.h */,
				A5455F8B0AFE64C6001F61C8 /* SLController.m */,
				A5455FE50AFE66A1001F61C8 /* SLVolume.h */,
				A5455FE60AFE66A1001F61C8 /* SLVolume.m */,
				A58BD51E14100451007E9DF9 /* SLDiskManager.h */,
				A58BD51F14100451007E9DF9 /* SLDiskManager.m */,
				A58DAA45197C4C4C00DCC2CA /* SLDiskImageManager.h */,
				A58DAA46197C4C7100DCC2CA /* SLDiskImageManager.m */,
				A54561840AFE720D001F61C8 /* SLNotificationController.h */,
				A54561850AFE720D001F61C8 /* SLNotificationController.m */,
				A5779DD3144DE76E00FB1D37 /* NSTaskAdditions.h */,
				A5779DD4144DE76E00FB1D37 /* NSTaskAdditions.m */,
				A58DAA71197C7D7400DCC2CA /* SLPreferenceKeys.h */,
				A58DAA56197C657000DCC2CA /* SLPreferencesController.h */,
				A58DAA57197C657000DCC2CA /* SLPreferencesController.m */,
				A58DAA72197C9D6800DCC2CA /* NSAppLoginItems */,
				A58DAA5F197C7A5100DCC2CA /* MASShortcut */,
			);
			name = Sources;
			sourceTree = "<group>";
		};
		19C28FACFE9D520D11CA2CBB /* Products */ = {
			isa = PBXGroup;
			children = (
				8D1107320486CEB800E47090 /* Semulov.app */,
			);
			name = Products;
			sourceTree = "<group>";
		};
		29B97314FDCFA39411CA2CEA /* Semulov */ = {
			isa = PBXGroup;
			children = (
				A582C1A4198D528A00124F73 /* Sparkle.xcodeproj */,
				080E96DDFE201D6D7F000001 /* Sources */,
				29B97317FDCFA39411CA2CEA /* Resources */,
				29B97323FDCFA39411CA2CEA /* Frameworks */,
				19C28FACFE9D520D11CA2CBB /* Products */,
			);
			name = Semulov;
			sourceTree = "<group>";
		};
		29B97317FDCFA39411CA2CEA /* Resources */ = {
			isa = PBXGroup;
			children = (
				A5D982940C8B7F7B002A802F /* Eject.pdf */,
				A5552A130B10C2C9005EB062 /* Credits.rtf */,
				8D1107310486CEB800E47090 /* Info.plist */,
				089C165CFE840E0CC02AAC07 /* InfoPlist.strings */,
				A58BD4B914100163007E9DF9 /* Localizable.strings */,
				A58BD4BB14100163007E9DF9 /* Labels.strings */,
				A585417913E5D6830002EF3C /* Preferences.xib */,
				A5D71EA01982AB21008E1B7A /* Images.xcassets */,
				A5A9C2F91B811822005FD70C /* dsa_pub.pem */,
			);
			name = Resources;
			sourceTree = "<group>";
		};
		29B97323FDCFA39411CA2CEA /* Frameworks */ = {
			isa = PBXGroup;
			children = (
				A58DAA6F197C7B1C00DCC2CA /* Carbon.framework */,
				1058C7A1FEA54F0111CA2CBB /* Cocoa.framework */,
				A518D7730BB19CC5009EC77B /* DiskArbitration.framework */,
				A58BD399140FFCA8007E9DF9 /* IOKit.framework */,
			);
			name = Frameworks;
			sourceTree = "<group>";
		};
		A582C1A5198D528A00124F73 /* Products */ = {
			isa = PBXGroup;
			children = (
				A582C1B0198D528B00124F73 /* Sparkle.framework */,
				A582C1B2198D528B00124F73 /* Sparkle Test App.app */,
				A582C1B4198D528B00124F73 /* Sparkle Unit Tests.xctest */,
				A582C1B6198D528B00124F73 /* BinaryDelta */,
				A582C1B8198D528B00124F73 /* Autoupdate.app */,
			);
			name = Products;
			sourceTree = "<group>";
		};
		A58DAA5F197C7A5100DCC2CA /* MASShortcut */ = {
			isa = PBXGroup;
			children = (
				A58DAA60197C7A5C00DCC2CA /* MASShortcut.h */,
				A58DAA61197C7A5C00DCC2CA /* MASShortcut.m */,
				A58DAA62197C7A5C00DCC2CA /* MASShortcut+Monitoring.h */,
				A58DAA63197C7A5C00DCC2CA /* MASShortcut+Monitoring.m */,
				A58DAA64197C7A5C00DCC2CA /* MASShortcut+UserDefaults.h */,
				A58DAA65197C7A5C00DCC2CA /* MASShortcut+UserDefaults.m */,
				A58DAA66197C7A5C00DCC2CA /* MASShortcutView.h */,
				A58DAA67197C7A5C00DCC2CA /* MASShortcutView.m */,
				A58DAA68197C7A5C00DCC2CA /* MASShortcutView+UserDefaults.h */,
				A58DAA69197C7A5C00DCC2CA /* MASShortcutView+UserDefaults.m */,
			);
			name = MASShortcut;
			sourceTree = "<group>";
		};
		A58DAA72197C9D6800DCC2CA /* NSAppLoginItems */ = {
			isa = PBXGroup;
			children = (
				A517AE43190C990900DB66DC /* NSApplication+LoginItems.h */,
				A517AE44190C990900DB66DC /* NSApplication+LoginItems.m */,
			);
			name = NSAppLoginItems;
			sourceTree = "<group>";
		};
/* End PBXGroup section */

/* Begin PBXNativeTarget section */
		8D1107260486CEB800E47090 /* Semulov */ = {
			isa = PBXNativeTarget;
			buildConfigurationList = C01FCF4A08A954540054247B /* Build configuration list for PBXNativeTarget "Semulov" */;
			buildPhases = (
				A58BD4C11410017D007E9DF9 /* Run genstrings */,
				8D1107290486CEB800E47090 /* Resources */,
				8D11072C0486CEB800E47090 /* Sources */,
				8D11072E0486CEB800E47090 /* Frameworks */,
				A582C1BA198D52A000124F73 /* CopyFiles */,
			);
			buildRules = (
			);
			dependencies = (
			);
			name = Semulov;
			productInstallPath = "$(HOME)/Applications";
			productName = Semulov;
			productReference = 8D1107320486CEB800E47090 /* Semulov.app */;
			productType = "com.apple.product-type.application";
		};
/* End PBXNativeTarget section */

/* Begin PBXProject section */
		29B97313FDCFA39411CA2CEA /* Project object */ = {
			isa = PBXProject;
			attributes = {
				LastUpgradeCheck = 0730;
				ORGANIZATIONNAME = "Kevin Wojniak";
				TargetAttributes = {
					8D1107260486CEB800E47090 = {
						DevelopmentTeam = QK92QP33YN;
					};
				};
			};
			buildConfigurationList = C01FCF4E08A954540054247B /* Build configuration list for PBXProject "Semulov" */;
			compatibilityVersion = "Xcode 3.2";
			developmentRegion = English;
			hasScannedForEncodings = 1;
			knownRegions = (
				English,
				Japanese,
				French,
				German,
			);
			mainGroup = 29B97314FDCFA39411CA2CEA /* Semulov */;
			projectDirPath = "";
			projectReferences = (
				{
					ProductGroup = A582C1A5198D528A00124F73 /* Products */;
					ProjectRef = A582C1A4198D528A00124F73 /* Sparkle.xcodeproj */;
				},
			);
			projectRoot = "";
			targets = (
				8D1107260486CEB800E47090 /* Semulov */,
			);
		};
/* End PBXProject section */

/* Begin PBXReferenceProxy section */
		A582C1B0198D528B00124F73 /* Sparkle.framework */ = {
			isa = PBXReferenceProxy;
			fileType = wrapper.framework;
			path = Sparkle.framework;
			remoteRef = A582C1AF198D528B00124F73 /* PBXContainerItemProxy */;
			sourceTree = BUILT_PRODUCTS_DIR;
		};
		A582C1B2198D528B00124F73 /* Sparkle Test App.app */ = {
			isa = PBXReferenceProxy;
			fileType = wrapper.application;
			path = "Sparkle Test App.app";
			remoteRef = A582C1B1198D528B00124F73 /* PBXContainerItemProxy */;
			sourceTree = BUILT_PRODUCTS_DIR;
		};
		A582C1B4198D528B00124F73 /* Sparkle Unit Tests.xctest */ = {
			isa = PBXReferenceProxy;
			fileType = wrapper.cfbundle;
			path = "Sparkle Unit Tests.xctest";
			remoteRef = A582C1B3198D528B00124F73 /* PBXContainerItemProxy */;
			sourceTree = BUILT_PRODUCTS_DIR;
		};
		A582C1B6198D528B00124F73 /* BinaryDelta */ = {
			isa = PBXReferenceProxy;
			fileType = "compiled.mach-o.executable";
			path = BinaryDelta;
			remoteRef = A582C1B5198D528B00124F73 /* PBXContainerItemProxy */;
			sourceTree = BUILT_PRODUCTS_DIR;
		};
		A582C1B8198D528B00124F73 /* Autoupdate.app */ = {
			isa = PBXReferenceProxy;
			fileType = wrapper.application;
			path = Autoupdate.app;
			remoteRef = A582C1B7198D528B00124F73 /* PBXContainerItemProxy */;
			sourceTree = BUILT_PRODUCTS_DIR;
		};
/* End PBXReferenceProxy section */

/* Begin PBXResourcesBuildPhase section */
		8D1107290486CEB800E47090 /* Resources */ = {
			isa = PBXResourcesBuildPhase;
			buildActionMask = 2147483647;
			files = (
				8D11072B0486CEB800E47090 /* InfoPlist.strings in Resources */,
				A5A9C2FA1B811822005FD70C /* dsa_pub.pem in Resources */,
				A5D71EA11982AB21008E1B7A /* Images.xcassets in Resources */,
				A5552A140B10C2C9005EB062 /* Credits.rtf in Resources */,
				A5D982960C8B7F7B002A802F /* Eject.pdf in Resources */,
				A585417B13E5D6830002EF3C /* Preferences.xib in Resources */,
				A58BD4BD14100163007E9DF9 /* Localizable.strings in Resources */,
				A58BD4BE14100163007E9DF9 /* Labels.strings in Resources */,
			);
			runOnlyForDeploymentPostprocessing = 0;
		};
/* End PBXResourcesBuildPhase section */

/* Begin PBXShellScriptBuildPhase section */
		A58BD4C11410017D007E9DF9 /* Run genstrings */ = {
			isa = PBXShellScriptBuildPhase;
			buildActionMask = 2147483647;
			files = (
			);
			inputPaths = (
			);
			name = "Run genstrings";
			outputPaths = (
			);
			runOnlyForDeploymentPostprocessing = 0;
			shellPath = /bin/sh;
			shellScript = "genstrings -o English.lproj *.m";
		};
/* End PBXShellScriptBuildPhase section */

/* Begin PBXSourcesBuildPhase section */
		8D11072C0486CEB800E47090 /* Sources */ = {
			isa = PBXSourcesBuildPhase;
			buildActionMask = 2147483647;
			files = (
				A58DAA6C197C7A5C00DCC2CA /* MASShortcut+UserDefaults.m in Sources */,
				A58DAA58197C657000DCC2CA /* SLPreferencesController.m in Sources */,
				A58DAA6A197C7A5C00DCC2CA /* MASShortcut.m in Sources */,
				8D11072D0486CEB800E47090 /* main.m in Sources */,
				A5455F8C0AFE64C6001F61C8 /* SLController.m in Sources */,
				A5455FE70AFE66A1001F61C8 /* SLVolume.m in Sources */,
				A54561870AFE720D001F61C8 /* SLNotificationController.m in Sources */,
				A58BD52014100451007E9DF9 /* SLDiskManager.m in Sources */,
				A5779DD5144DE76E00FB1D37 /* NSTaskAdditions.m in Sources */,
				A517AE45190C990900DB66DC /* NSApplication+LoginItems.m in Sources */,
				A58DAA47197C4C7100DCC2CA /* SLDiskImageManager.m in Sources */,
				A58DAA6E197C7A5C00DCC2CA /* MASShortcutView+UserDefaults.m in Sources */,
				A58DAA6D197C7A5C00DCC2CA /* MASShortcutView.m in Sources */,
				A58DAA6B197C7A5C00DCC2CA /* MASShortcut+Monitoring.m in Sources */,
			);
			runOnlyForDeploymentPostprocessing = 0;
		};
/* End PBXSourcesBuildPhase section */

/* Begin PBXVariantGroup section */
		089C165CFE840E0CC02AAC07 /* InfoPlist.strings */ = {
			isa = PBXVariantGroup;
			children = (
				089C165DFE840E0CC02AAC07 /* English */,
			);
			name = InfoPlist.strings;
			sourceTree = "<group>";
		};
		A585417913E5D6830002EF3C /* Preferences.xib */ = {
			isa = PBXVariantGroup;
			children = (
				A585417A13E5D6830002EF3C /* English */,
			);
			name = Preferences.xib;
			sourceTree = "<group>";
		};
		A58BD4B914100163007E9DF9 /* Localizable.strings */ = {
			isa = PBXVariantGroup;
			children = (
				A58BD4BA14100163007E9DF9 /* English */,
			);
			name = Localizable.strings;
			sourceTree = "<group>";
		};
		A58BD4BB14100163007E9DF9 /* Labels.strings */ = {
			isa = PBXVariantGroup;
			children = (
				A58BD4BC14100163007E9DF9 /* English */,
			);
			name = Labels.strings;
			sourceTree = "<group>";
		};
/* End PBXVariantGroup section */

/* Begin XCBuildConfiguration section */
		C01FCF4B08A954540054247B /* Debug */ = {
			isa = XCBuildConfiguration;
			buildSettings = {
				ASSETCATALOG_COMPILER_APPICON_NAME = SemulovIcon;
				COMBINE_HIDPI_IMAGES = YES;
				COPY_PHASE_STRIP = NO;
				FRAMEWORK_SEARCH_PATHS = "$(PROJECT_DIR)/Sparkle/build/$(CONFIGURATION)";
				GCC_DYNAMIC_NO_PIC = NO;
				GCC_OPTIMIZATION_LEVEL = 0;
				INFOPLIST_FILE = Info.plist;
				OTHER_LDFLAGS = "-Wl,-rpath,@loader_path/../Frameworks";
				PRODUCT_BUNDLE_IDENTIFIER = com.kainjow.Semulov;
				PRODUCT_NAME = Semulov;
				WRAPPER_EXTENSION = app;
			};
			name = Debug;
		};
		C01FCF4C08A954540054247B /* Release */ = {
			isa = XCBuildConfiguration;
			buildSettings = {
				ASSETCATALOG_COMPILER_APPICON_NAME = SemulovIcon;
				COMBINE_HIDPI_IMAGES = YES;
				FRAMEWORK_SEARCH_PATHS = "$(PROJECT_DIR)/Sparkle/build/$(CONFIGURATION)";
				INFOPLIST_FILE = Info.plist;
				OTHER_LDFLAGS = "-Wl,-rpath,@loader_path/../Frameworks";
				PRODUCT_BUNDLE_IDENTIFIER = com.kainjow.Semulov;
				PRODUCT_NAME = Semulov;
				WRAPPER_EXTENSION = app;
			};
			name = Release;
		};
		C01FCF4F08A954540054247B /* Debug */ = {
			isa = XCBuildConfiguration;
			buildSettings = {
				CLANG_ENABLE_OBJC_ARC = YES;
				CLANG_WARN_BOOL_CONVERSION = YES;
				CLANG_WARN_CONSTANT_CONVERSION = YES;
				CLANG_WARN_EMPTY_BODY = YES;
				CLANG_WARN_ENUM_CONVERSION = YES;
				CLANG_WARN_INT_CONVERSION = YES;
				CLANG_WARN__DUPLICATE_METHOD_MATCH = YES;
				CODE_SIGN_IDENTITY = "Developer ID Application";
				ENABLE_TESTABILITY = YES;
				GCC_C_LANGUAGE_STANDARD = gnu99;
				GCC_TREAT_WARNINGS_AS_ERRORS = YES;
				GCC_WARN_64_TO_32_BIT_CONVERSION = YES;
				GCC_WARN_ABOUT_RETURN_TYPE = YES;
				GCC_WARN_UNDECLARED_SELECTOR = YES;
				GCC_WARN_UNINITIALIZED_AUTOS = YES;
				GCC_WARN_UNUSED_FUNCTION = YES;
				GCC_WARN_UNUSED_VARIABLE = YES;
				MACOSX_DEPLOYMENT_TARGET = 10.7;
				ONLY_ACTIVE_ARCH = YES;
				PROVISIONING_PROFILE = "";
				SDKROOT = macosx;
				WARNING_CFLAGS = "-Wall";
			};
			name = Debug;
		};
		C01FCF5008A954540054247B /* Release */ = {
			isa = XCBuildConfiguration;
			buildSettings = {
				CLANG_ENABLE_OBJC_ARC = YES;
				CLANG_WARN_BOOL_CONVERSION = YES;
				CLANG_WARN_CONSTANT_CONVERSION = YES;
				CLANG_WARN_EMPTY_BODY = YES;
				CLANG_WARN_ENUM_CONVERSION = YES;
				CLANG_WARN_INT_CONVERSION = YES;
				CLANG_WARN__DUPLICATE_METHOD_MATCH = YES;
				CODE_SIGN_IDENTITY = "Developer ID Application";
				DEBUG_INFORMATION_FORMAT = "dwarf-with-dsym";
				GCC_C_LANGUAGE_STANDARD = gnu99;
				GCC_TREAT_WARNINGS_AS_ERRORS = YES;
				GCC_WARN_64_TO_32_BIT_CONVERSION = YES;
				GCC_WARN_ABOUT_RETURN_TYPE = YES;
				GCC_WARN_UNDECLARED_SELECTOR = YES;
				GCC_WARN_UNINITIALIZED_AUTOS = YES;
				GCC_WARN_UNUSED_FUNCTION = YES;
				GCC_WARN_UNUSED_VARIABLE = YES;
				MACOSX_DEPLOYMENT_TARGET = 10.7;
				PROVISIONING_PROFILE = "";
				SDKROOT = macosx;
				WARNING_CFLAGS = "-Wall";
			};
			name = Release;
		};
/* End XCBuildConfiguration section */

/* Begin XCConfigurationList section */
		C01FCF4A08A954540054247B /* Build configuration list for PBXNativeTarget "Semulov" */ = {
			isa = XCConfigurationList;
			buildConfigurations = (
				C01FCF4B08A954540054247B /* Debug */,
				C01FCF4C08A954540054247B /* Release */,
			);
			defaultConfigurationIsVisible = 0;
			defaultConfigurationName = Release;
		};
		C01FCF4E08A954540054247B /* Build configuration list for PBXProject "Semulov" */ = {
			isa = XCConfigurationList;
			buildConfigurations = (
				C01FCF4F08A954540054247B /* Debug */,
				C01FCF5008A954540054247B /* Release */,
			);
			defaultConfigurationIsVisible = 0;
			defaultConfigurationName = Release;
		};
/* End XCConfigurationList section */
	};
	rootObject = 29B97313FDCFA39411CA2CEA /* Project object */;
}
